
Microsoft Visual Studio Solution File, Format Version 12.00
# Visual Studio Version 16
VisualStudioVersion = 16.0.33214.272
MinimumVisualStudioVersion = 10.0.40219.1
Project("{9A19103F-16F7-4668-BE54-9A1E7A4F7556}") = "WookieBooks.WebApi", "WookieBooks.WebApi\WookieBooks.WebApi.csproj", "{2495BBCD-01E4-42B3-B9BD-9EC099AE1E48}"
EndProject
Project("{9A19103F-16F7-4668-BE54-9A1E7A4F7556}") = "BooksStore.Core", "BooksStore.Core\BooksStore.Core.csproj", "{D4DB230B-2900-4A86-985C-9DA33953DC59}"
EndProject
Project("{FAE04EC0-301F-11D3-BF4B-00C04F79EFBC}") = "WookieBookStoreAPITests", "WookieBookStoreAPITests\WookieBookStoreAPITests.csproj", "{E5F6A9C7-148F-4099-A42E-353A94E00BE9}"
EndProject
Global
	GlobalSection(SolutionConfigurationPlatforms) = preSolution
		Debug|Any CPU = Debug|Any CPU
		Release|Any CPU = Release|Any CPU
	EndGlobalSection
	GlobalSection(ProjectConfigurationPlatforms) = postSolution
		{2495BBCD-01E4-42B3-B9BD-9EC099AE1E48}.Debug|Any CPU.ActiveCfg = Debug|Any CPU
		{2495BBCD-01E4-42B3-B9BD-9EC099AE1E48}.Debug|Any CPU.Build.0 = Debug|Any CPU
		{2495BBCD-01E4-42B3-B9BD-9EC099AE1E48}.Release|Any CPU.ActiveCfg = Release|Any CPU
		{2495BBCD-01E4-42B3-B9BD-9EC099AE1E48}.Release|Any CPU.Build.0 = Release|Any CPU
		{D4DB230B-2900-4A86-985C-9DA33953DC59}.Debug|Any CPU.ActiveCfg = Debug|Any CPU
		{D4DB230B-2900-4A86-985C-9DA33953DC59}.Debug|Any CPU.Build.0 = Debug|Any CPU
		{D4DB230B-2900-4A86-985C-9DA33953DC59}.Release|Any CPU.ActiveCfg = Release|Any CPU
		{D4DB230B-2900-4A86-985C-9DA33953DC59}.Release|Any CPU.Build.0 = Release|Any CPU
		{E5F6A9C7-148F-4099-A42E-353A94E00BE9}.Debug|Any CPU.ActiveCfg = Debug|Any CPU
		{E5F6A9C7-148F-4099-A42E-353A94E00BE9}.Debug|Any CPU.Build.0 = Debug|Any CPU
		{E5F6A9C7-148F-4099-A42E-353A94E00BE9}.Release|Any CPU.ActiveCfg = Release|Any CPU
		{E5F6A9C7-148F-4099-A42E-353A94E00BE9}.Release|Any CPU.Build.0 = Release|Any CPU
	EndGlobalSection
	GlobalSection(SolutionProperties) = preSolution
		HideSolutionNode = FALSE
	EndGlobalSection
	GlobalSection(ExtensibilityGlobals) = postSolution
		SolutionGuid = {198A0781-EFD8-4ACE-99AB-530A98F6D692}
	EndGlobalSection
EndGlobal
